
Microsoft Visual Studio Solution File, Format Version 12.00
# Visual Studio Version 16
VisualStudioVersion = 16.0.29519.181
MinimumVisualStudioVersion = 10.0.40219.1
Project("{FAE04EC0-301F-11D3-BF4B-00C04F79EFBC}") = "ScrambleEncrypt", "ScrambleEncrypt\ScrambleEncrypt.csproj", "{308C5802-7FB7-4F40-8D22-707D0E70633A}"
EndProject
Project("{FAE04EC0-301F-11D3-BF4B-00C04F79EFBC}") = "ScrambleEncryptExample", "ScrambleEncryptExample\ScrambleEncryptExample.csproj", "{8C5E7E9E-9325-4F4A-9CE2-32E49A418655}"
EndProject
Global
	GlobalSection(SolutionConfigurationPlatforms) = preSolution
		Debug|Any CPU = Debug|Any CPU
		Release|Any CPU = Release|Any CPU
	EndGlobalSection
	GlobalSection(ProjectConfigurationPlatforms) = postSolution
		{308C5802-7FB7-4F40-8D22-707D0E70633A}.Debug|Any CPU.ActiveCfg = Debug|Any CPU
		{308C5802-7FB7-4F40-8D22-707D0E70633A}.Debug|Any CPU.Build.0 = Debug|Any CPU
		{308C5802-7FB7-4F40-8D22-707D0E70633A}.Release|Any CPU.ActiveCfg = Release|Any CPU
		{308C5802-7FB7-4F40-8D22-707D0E70633A}.Release|Any CPU.Build.0 = Release|Any CPU
		{8C5E7E9E-9325-4F4A-9CE2-32E49A418655}.Debug|Any CPU.ActiveCfg = Debug|Any CPU
		{8C5E7E9E-9325-4F4A-9CE2-32E49A418655}.Debug|Any CPU.Build.0 = Debug|Any CPU
		{8C5E7E9E-9325-4F4A-9CE2-32E49A418655}.Release|Any CPU.ActiveCfg = Release|Any CPU
		{8C5E7E9E-9325-4F4A-9CE2-32E49A418655}.Release|Any CPU.Build.0 = Release|Any CPU
	EndGlobalSection
	GlobalSection(SolutionProperties) = preSolution
		HideSolutionNode = FALSE
	EndGlobalSection
	GlobalSection(ExtensibilityGlobals) = postSolution
		SolutionGuid = {9877848A-0151-4160-9E09-B40355988692}
	EndGlobalSection
EndGlobal
